
Microsoft Visual Studio Solution File, Format Version 12.00
# Visual Studio 15
VisualStudioVersion = 15.0.27703.2042
MinimumVisualStudioVersion = 10.0.40219.1
Project("{FAE04EC0-301F-11D3-BF4B-00C04F79EFBC}") = "European Dates", "European Dates\European Dates.csproj", "{BF1D4C84-2233-478E-B49B-37EE5EB9D1EA}"
EndProject
Global
	GlobalSection(SolutionConfigurationPlatforms) = preSolution
		Debug|Any CPU = Debug|Any CPU
		Release|Any CPU = Release|Any CPU
	EndGlobalSection
	GlobalSection(ProjectConfigurationPlatforms) = postSolution
		{BF1D4C84-2233-478E-B49B-37EE5EB9D1EA}.Debug|Any CPU.ActiveCfg = Debug|Any CPU
		{BF1D4C84-2233-478E-B49B-37EE5EB9D1EA}.Debug|Any CPU.Build.0 = Debug|Any CPU
		{BF1D4C84-2233-478E-B49B-37EE5EB9D1EA}.Release|Any CPU.ActiveCfg = Release|Any CPU
		{BF1D4C84-2233-478E-B49B-37EE5EB9D1EA}.Release|Any CPU.Build.0 = Release|Any CPU
	EndGlobalSection
	GlobalSection(SolutionProperties) = preSolution
		HideSolutionNode = FALSE
	EndGlobalSection
	GlobalSection(ExtensibilityGlobals) = postSolution
		SolutionGuid = {7444A484-6831-4DAE-BCFA-D28EE220D228}
	EndGlobalSection
EndGlobal
