
Microsoft Visual Studio Solution File, Format Version 12.00
# Visual Studio Version 17
VisualStudioVersion = 17.4.33213.308
MinimumVisualStudioVersion = 10.0.40219.1
Project("{FAE04EC0-301F-11D3-BF4B-00C04F79EFBC}") = "7. SENTENCE BUILDER", "7. SENTENCE BUILDER.csproj", "{9E7CEB55-8A16-48AB-8041-4DEF3E30F320}"
EndProject
Global
	GlobalSection(SolutionConfigurationPlatforms) = preSolution
		Debug|Any CPU = Debug|Any CPU
		Release|Any CPU = Release|Any CPU
	EndGlobalSection
	GlobalSection(ProjectConfigurationPlatforms) = postSolution
		{9E7CEB55-8A16-48AB-8041-4DEF3E30F320}.Debug|Any CPU.ActiveCfg = Debug|Any CPU
		{9E7CEB55-8A16-48AB-8041-4DEF3E30F320}.Debug|Any CPU.Build.0 = Debug|Any CPU
		{9E7CEB55-8A16-48AB-8041-4DEF3E30F320}.Release|Any CPU.ActiveCfg = Release|Any CPU
		{9E7CEB55-8A16-48AB-8041-4DEF3E30F320}.Release|Any CPU.Build.0 = Release|Any CPU
	EndGlobalSection
	GlobalSection(SolutionProperties) = preSolution
		HideSolutionNode = FALSE
	EndGlobalSection
	GlobalSection(ExtensibilityGlobals) = postSolution
		SolutionGuid = {937917AA-8DF7-40F1-AAA4-D2EB5FAF0B05}
	EndGlobalSection
EndGlobal
