
Microsoft Visual Studio Solution File, Format Version 12.00
# Visual Studio Version 17
VisualStudioVersion = 17.4.33213.308
MinimumVisualStudioVersion = 10.0.40219.1
Project("{FAE04EC0-301F-11D3-BF4B-00C04F79EFBC}") = "Intro_to_Csharp_Pgm_Luka", "Intro_to_Csharp_Pgm_Luka\Intro_to_Csharp_Pgm_Luka.csproj", "{F468C9C8-32D0-4BEF-84D4-49BC18B8A941}"
EndProject
Global
	GlobalSection(SolutionConfigurationPlatforms) = preSolution
		Debug|Any CPU = Debug|Any CPU
		Release|Any CPU = Release|Any CPU
	EndGlobalSection
	GlobalSection(ProjectConfigurationPlatforms) = postSolution
		{F468C9C8-32D0-4BEF-84D4-49BC18B8A941}.Debug|Any CPU.ActiveCfg = Debug|Any CPU
		{F468C9C8-32D0-4BEF-84D4-49BC18B8A941}.Debug|Any CPU.Build.0 = Debug|Any CPU
		{F468C9C8-32D0-4BEF-84D4-49BC18B8A941}.Release|Any CPU.ActiveCfg = Release|Any CPU
		{F468C9C8-32D0-4BEF-84D4-49BC18B8A941}.Release|Any CPU.Build.0 = Release|Any CPU
	EndGlobalSection
	GlobalSection(SolutionProperties) = preSolution
		HideSolutionNode = FALSE
	EndGlobalSection
	GlobalSection(ExtensibilityGlobals) = postSolution
		SolutionGuid = {DC51E57C-1F8D-4779-A779-A2BFD44FFC82}
	EndGlobalSection
EndGlobal
