
Microsoft Visual Studio Solution File, Format Version 12.00
# Visual Studio Version 17
VisualStudioVersion = 17.4.33213.308
MinimumVisualStudioVersion = 10.0.40219.1
Project("{FAE04EC0-301F-11D3-BF4B-00C04F79EFBC}") = "Name Formatter 2", "Name Formatter 2.csproj", "{0A9F2485-F4C2-4724-B2A3-4EF1CBB7AF96}"
EndProject
Global
	GlobalSection(SolutionConfigurationPlatforms) = preSolution
		Debug|Any CPU = Debug|Any CPU
		Release|Any CPU = Release|Any CPU
	EndGlobalSection
	GlobalSection(ProjectConfigurationPlatforms) = postSolution
		{0A9F2485-F4C2-4724-B2A3-4EF1CBB7AF96}.Debug|Any CPU.ActiveCfg = Debug|Any CPU
		{0A9F2485-F4C2-4724-B2A3-4EF1CBB7AF96}.Debug|Any CPU.Build.0 = Debug|Any CPU
		{0A9F2485-F4C2-4724-B2A3-4EF1CBB7AF96}.Release|Any CPU.ActiveCfg = Release|Any CPU
		{0A9F2485-F4C2-4724-B2A3-4EF1CBB7AF96}.Release|Any CPU.Build.0 = Release|Any CPU
	EndGlobalSection
	GlobalSection(SolutionProperties) = preSolution
		HideSolutionNode = FALSE
	EndGlobalSection
	GlobalSection(ExtensibilityGlobals) = postSolution
		SolutionGuid = {C358294E-21E1-4B86-8C8F-DA18E672DD4E}
	EndGlobalSection
EndGlobal
