
Microsoft Visual Studio Solution File, Format Version 12.00
# Visual Studio 15
VisualStudioVersion = 15.0.27703.2042
MinimumVisualStudioVersion = 10.0.40219.1
Project("{FAE04EC0-301F-11D3-BF4B-00C04F79EFBC}") = "Team Player", "Team Player\Team Player.csproj", "{9B7B534E-0777-4CCF-A606-3960FC25DA32}"
EndProject
Global
	GlobalSection(SolutionConfigurationPlatforms) = preSolution
		Debug|Any CPU = Debug|Any CPU
		Release|Any CPU = Release|Any CPU
	EndGlobalSection
	GlobalSection(ProjectConfigurationPlatforms) = postSolution
		{9B7B534E-0777-4CCF-A606-3960FC25DA32}.Debug|Any CPU.ActiveCfg = Debug|Any CPU
		{9B7B534E-0777-4CCF-A606-3960FC25DA32}.Debug|Any CPU.Build.0 = Debug|Any CPU
		{9B7B534E-0777-4CCF-A606-3960FC25DA32}.Release|Any CPU.ActiveCfg = Release|Any CPU
		{9B7B534E-0777-4CCF-A606-3960FC25DA32}.Release|Any CPU.Build.0 = Release|Any CPU
	EndGlobalSection
	GlobalSection(SolutionProperties) = preSolution
		HideSolutionNode = FALSE
	EndGlobalSection
	GlobalSection(ExtensibilityGlobals) = postSolution
		SolutionGuid = {4975B5F9-02CF-4687-A59C-8BABEFD04396}
	EndGlobalSection
EndGlobal
