
Microsoft Visual Studio Solution File, Format Version 12.00
# Visual Studio 15
VisualStudioVersion = 15.0.27703.2042
MinimumVisualStudioVersion = 10.0.40219.1
Project("{FAE04EC0-301F-11D3-BF4B-00C04F79EFBC}") = "PhonelistNames", "PhonelistNames\PhonelistNames.csproj", "{CEEC84A7-AB34-4D62-9E58-CCB58AACFB77}"
EndProject
Global
	GlobalSection(SolutionConfigurationPlatforms) = preSolution
		Debug|Any CPU = Debug|Any CPU
		Release|Any CPU = Release|Any CPU
	EndGlobalSection
	GlobalSection(ProjectConfigurationPlatforms) = postSolution
		{CEEC84A7-AB34-4D62-9E58-CCB58AACFB77}.Debug|Any CPU.ActiveCfg = Debug|Any CPU
		{CEEC84A7-AB34-4D62-9E58-CCB58AACFB77}.Debug|Any CPU.Build.0 = Debug|Any CPU
		{CEEC84A7-AB34-4D62-9E58-CCB58AACFB77}.Release|Any CPU.ActiveCfg = Release|Any CPU
		{CEEC84A7-AB34-4D62-9E58-CCB58AACFB77}.Release|Any CPU.Build.0 = Release|Any CPU
	EndGlobalSection
	GlobalSection(SolutionProperties) = preSolution
		HideSolutionNode = FALSE
	EndGlobalSection
	GlobalSection(ExtensibilityGlobals) = postSolution
		SolutionGuid = {7F14FA6B-CBF1-4FDA-8956-39FFB11B7D0D}
	EndGlobalSection
EndGlobal
