
Microsoft Visual Studio Solution File, Format Version 12.00
# Visual Studio 15
VisualStudioVersion = 15.0.27703.2042
MinimumVisualStudioVersion = 10.0.40219.1
Project("{FAE04EC0-301F-11D3-BF4B-00C04F79EFBC}") = "Integer Extension Methods", "Integer Extension Methods\Integer Extension Methods.csproj", "{5517DFDE-58F6-4259-8AF2-29FA65BAEBB0}"
EndProject
Global
	GlobalSection(SolutionConfigurationPlatforms) = preSolution
		Debug|Any CPU = Debug|Any CPU
		Release|Any CPU = Release|Any CPU
	EndGlobalSection
	GlobalSection(ProjectConfigurationPlatforms) = postSolution
		{5517DFDE-58F6-4259-8AF2-29FA65BAEBB0}.Debug|Any CPU.ActiveCfg = Debug|Any CPU
		{5517DFDE-58F6-4259-8AF2-29FA65BAEBB0}.Debug|Any CPU.Build.0 = Debug|Any CPU
		{5517DFDE-58F6-4259-8AF2-29FA65BAEBB0}.Release|Any CPU.ActiveCfg = Release|Any CPU
		{5517DFDE-58F6-4259-8AF2-29FA65BAEBB0}.Release|Any CPU.Build.0 = Release|Any CPU
	EndGlobalSection
	GlobalSection(SolutionProperties) = preSolution
		HideSolutionNode = FALSE
	EndGlobalSection
	GlobalSection(ExtensibilityGlobals) = postSolution
		SolutionGuid = {130B80B7-E1ED-484C-91B8-5277D2945A98}
	EndGlobalSection
EndGlobal
