
Microsoft Visual Studio Solution File, Format Version 12.00
# Visual Studio Version 17
VisualStudioVersion = 17.4.33213.308
MinimumVisualStudioVersion = 10.0.40219.1
Project("{FAE04EC0-301F-11D3-BF4B-00C04F79EFBC}") = "14. STADIUM SEATING", "14. STADIUM SEATING.csproj", "{FDE4AA37-71FE-4CEA-83A8-B3492DEE1A4F}"
EndProject
Global
	GlobalSection(SolutionConfigurationPlatforms) = preSolution
		Debug|Any CPU = Debug|Any CPU
		Release|Any CPU = Release|Any CPU
	EndGlobalSection
	GlobalSection(ProjectConfigurationPlatforms) = postSolution
		{FDE4AA37-71FE-4CEA-83A8-B3492DEE1A4F}.Debug|Any CPU.ActiveCfg = Debug|Any CPU
		{FDE4AA37-71FE-4CEA-83A8-B3492DEE1A4F}.Debug|Any CPU.Build.0 = Debug|Any CPU
		{FDE4AA37-71FE-4CEA-83A8-B3492DEE1A4F}.Release|Any CPU.ActiveCfg = Release|Any CPU
		{FDE4AA37-71FE-4CEA-83A8-B3492DEE1A4F}.Release|Any CPU.Build.0 = Release|Any CPU
	EndGlobalSection
	GlobalSection(SolutionProperties) = preSolution
		HideSolutionNode = FALSE
	EndGlobalSection
	GlobalSection(ExtensibilityGlobals) = postSolution
		SolutionGuid = {231EE405-36DD-4414-87BB-EA25B31A3F5A}
	EndGlobalSection
EndGlobal
