
Microsoft Visual Studio Solution File, Format Version 12.00
# Visual Studio Version 17
VisualStudioVersion = 17.4.33213.308
MinimumVisualStudioVersion = 10.0.40219.1
Project("{FAE04EC0-301F-11D3-BF4B-00C04F79EFBC}") = "14. RANDOM NUMBER FILE READER", "14. RANDOM NUMBER FILE READER.csproj", "{2387661C-941F-4D62-960D-C0CC6AAE3FF9}"
EndProject
Global
	GlobalSection(SolutionConfigurationPlatforms) = preSolution
		Debug|Any CPU = Debug|Any CPU
		Release|Any CPU = Release|Any CPU
	EndGlobalSection
	GlobalSection(ProjectConfigurationPlatforms) = postSolution
		{2387661C-941F-4D62-960D-C0CC6AAE3FF9}.Debug|Any CPU.ActiveCfg = Debug|Any CPU
		{2387661C-941F-4D62-960D-C0CC6AAE3FF9}.Debug|Any CPU.Build.0 = Debug|Any CPU
		{2387661C-941F-4D62-960D-C0CC6AAE3FF9}.Release|Any CPU.ActiveCfg = Release|Any CPU
		{2387661C-941F-4D62-960D-C0CC6AAE3FF9}.Release|Any CPU.Build.0 = Release|Any CPU
	EndGlobalSection
	GlobalSection(SolutionProperties) = preSolution
		HideSolutionNode = FALSE
	EndGlobalSection
	GlobalSection(ExtensibilityGlobals) = postSolution
		SolutionGuid = {0373FFE3-558A-4575-A29C-FEC51302107B}
	EndGlobalSection
EndGlobal
