
Microsoft Visual Studio Solution File, Format Version 12.00
# Visual Studio Version 17
VisualStudioVersion = 17.4.33213.308
MinimumVisualStudioVersion = 10.0.40219.1
Project("{FAE04EC0-301F-11D3-BF4B-00C04F79EFBC}") = "4. POPULATION", "4. POPULATION.csproj", "{9C7C2555-16ED-4AD2-BBCD-ED73A253F687}"
EndProject
Global
	GlobalSection(SolutionConfigurationPlatforms) = preSolution
		Debug|Any CPU = Debug|Any CPU
		Release|Any CPU = Release|Any CPU
	EndGlobalSection
	GlobalSection(ProjectConfigurationPlatforms) = postSolution
		{9C7C2555-16ED-4AD2-BBCD-ED73A253F687}.Debug|Any CPU.ActiveCfg = Debug|Any CPU
		{9C7C2555-16ED-4AD2-BBCD-ED73A253F687}.Debug|Any CPU.Build.0 = Debug|Any CPU
		{9C7C2555-16ED-4AD2-BBCD-ED73A253F687}.Release|Any CPU.ActiveCfg = Release|Any CPU
		{9C7C2555-16ED-4AD2-BBCD-ED73A253F687}.Release|Any CPU.Build.0 = Release|Any CPU
	EndGlobalSection
	GlobalSection(SolutionProperties) = preSolution
		HideSolutionNode = FALSE
	EndGlobalSection
	GlobalSection(ExtensibilityGlobals) = postSolution
		SolutionGuid = {7573384C-9631-4BBE-AF46-D8FDE75B10BF}
	EndGlobalSection
EndGlobal
