
Microsoft Visual Studio Solution File, Format Version 12.00
# Visual Studio 15
VisualStudioVersion = 15.0.27703.2042
MinimumVisualStudioVersion = 10.0.40219.1
Project("{FAE04EC0-301F-11D3-BF4B-00C04F79EFBC}") = "Exit Button Demo", "Exit Button Demo\Exit Button Demo.csproj", "{F109837C-CD93-4819-9471-C9A4E25E02EC}"
EndProject
Global
	GlobalSection(SolutionConfigurationPlatforms) = preSolution
		Debug|x86 = Debug|x86
		Release|x86 = Release|x86
	EndGlobalSection
	GlobalSection(ProjectConfigurationPlatforms) = postSolution
		{F109837C-CD93-4819-9471-C9A4E25E02EC}.Debug|x86.ActiveCfg = Debug|x86
		{F109837C-CD93-4819-9471-C9A4E25E02EC}.Debug|x86.Build.0 = Debug|x86
		{F109837C-CD93-4819-9471-C9A4E25E02EC}.Release|x86.ActiveCfg = Release|x86
		{F109837C-CD93-4819-9471-C9A4E25E02EC}.Release|x86.Build.0 = Release|x86
	EndGlobalSection
	GlobalSection(SolutionProperties) = preSolution
		HideSolutionNode = FALSE
	EndGlobalSection
EndGlobal
