
Microsoft Visual Studio Solution File, Format Version 12.00
# Visual Studio Version 17
VisualStudioVersion = 17.4.33213.308
MinimumVisualStudioVersion = 10.0.40219.1
Project("{FAE04EC0-301F-11D3-BF4B-00C04F79EFBC}") = "7. SOFTWARE SALES", "7. SOFTWARE SALES.csproj", "{22A90A08-7839-4190-BC1E-AF5689841ECE}"
EndProject
Global
	GlobalSection(SolutionConfigurationPlatforms) = preSolution
		Debug|Any CPU = Debug|Any CPU
		Release|Any CPU = Release|Any CPU
	EndGlobalSection
	GlobalSection(ProjectConfigurationPlatforms) = postSolution
		{22A90A08-7839-4190-BC1E-AF5689841ECE}.Debug|Any CPU.ActiveCfg = Debug|Any CPU
		{22A90A08-7839-4190-BC1E-AF5689841ECE}.Debug|Any CPU.Build.0 = Debug|Any CPU
		{22A90A08-7839-4190-BC1E-AF5689841ECE}.Release|Any CPU.ActiveCfg = Release|Any CPU
		{22A90A08-7839-4190-BC1E-AF5689841ECE}.Release|Any CPU.Build.0 = Release|Any CPU
	EndGlobalSection
	GlobalSection(SolutionProperties) = preSolution
		HideSolutionNode = FALSE
	EndGlobalSection
	GlobalSection(ExtensibilityGlobals) = postSolution
		SolutionGuid = {7D93C116-B5A8-421D-BB3C-3667B4C174CF}
	EndGlobalSection
EndGlobal
