
Microsoft Visual Studio Solution File, Format Version 12.00
# Visual Studio Version 17
VisualStudioVersion = 17.4.33213.308
MinimumVisualStudioVersion = 10.0.40219.1
Project("{FAE04EC0-301F-11D3-BF4B-00C04F79EFBC}") = "Card Identifier", "Card Identifier.csproj", "{6C9FB1A8-2E9A-41AE-BDAF-2845A8CFD402}"
EndProject
Global
	GlobalSection(SolutionConfigurationPlatforms) = preSolution
		Debug|Any CPU = Debug|Any CPU
		Release|Any CPU = Release|Any CPU
	EndGlobalSection
	GlobalSection(ProjectConfigurationPlatforms) = postSolution
		{6C9FB1A8-2E9A-41AE-BDAF-2845A8CFD402}.Debug|Any CPU.ActiveCfg = Debug|Any CPU
		{6C9FB1A8-2E9A-41AE-BDAF-2845A8CFD402}.Debug|Any CPU.Build.0 = Debug|Any CPU
		{6C9FB1A8-2E9A-41AE-BDAF-2845A8CFD402}.Release|Any CPU.ActiveCfg = Release|Any CPU
		{6C9FB1A8-2E9A-41AE-BDAF-2845A8CFD402}.Release|Any CPU.Build.0 = Release|Any CPU
	EndGlobalSection
	GlobalSection(SolutionProperties) = preSolution
		HideSolutionNode = FALSE
	EndGlobalSection
	GlobalSection(ExtensibilityGlobals) = postSolution
		SolutionGuid = {C0DD1D36-EBAE-44AC-9E92-BF1516654B4E}
	EndGlobalSection
EndGlobal
