
Microsoft Visual Studio Solution File, Format Version 12.00
# Visual Studio 15
VisualStudioVersion = 15.0.27703.2042
MinimumVisualStudioVersion = 10.0.40219.1
Project("{FAE04EC0-301F-11D3-BF4B-00C04F79EFBC}") = "Selected Text Demo", "Selected Text Demo\Selected Text Demo.csproj", "{81351D20-21C8-43D9-9D45-269B17C2C141}"
EndProject
Global
	GlobalSection(SolutionConfigurationPlatforms) = preSolution
		Debug|x86 = Debug|x86
		Release|x86 = Release|x86
	EndGlobalSection
	GlobalSection(ProjectConfigurationPlatforms) = postSolution
		{81351D20-21C8-43D9-9D45-269B17C2C141}.Debug|x86.ActiveCfg = Debug|x86
		{81351D20-21C8-43D9-9D45-269B17C2C141}.Debug|x86.Build.0 = Debug|x86
		{81351D20-21C8-43D9-9D45-269B17C2C141}.Release|x86.ActiveCfg = Release|x86
		{81351D20-21C8-43D9-9D45-269B17C2C141}.Release|x86.Build.0 = Release|x86
	EndGlobalSection
	GlobalSection(SolutionProperties) = preSolution
		HideSolutionNode = FALSE
	EndGlobalSection
EndGlobal
