
Microsoft Visual Studio Solution File, Format Version 12.00
# Visual Studio Version 17
VisualStudioVersion = 17.4.33213.308
MinimumVisualStudioVersion = 10.0.40219.1
Project("{FAE04EC0-301F-11D3-BF4B-00C04F79EFBC}") = "1. RETALI PRICE CALCULATOR", "1. RETALI PRICE CALCULATOR\1. RETALI PRICE CALCULATOR.csproj", "{74DDC65B-95D6-4EAC-91B7-5E7E70C5BE0D}"
EndProject
Global
	GlobalSection(SolutionConfigurationPlatforms) = preSolution
		Debug|Any CPU = Debug|Any CPU
		Release|Any CPU = Release|Any CPU
	EndGlobalSection
	GlobalSection(ProjectConfigurationPlatforms) = postSolution
		{74DDC65B-95D6-4EAC-91B7-5E7E70C5BE0D}.Debug|Any CPU.ActiveCfg = Debug|Any CPU
		{74DDC65B-95D6-4EAC-91B7-5E7E70C5BE0D}.Debug|Any CPU.Build.0 = Debug|Any CPU
		{74DDC65B-95D6-4EAC-91B7-5E7E70C5BE0D}.Release|Any CPU.ActiveCfg = Release|Any CPU
		{74DDC65B-95D6-4EAC-91B7-5E7E70C5BE0D}.Release|Any CPU.Build.0 = Release|Any CPU
	EndGlobalSection
	GlobalSection(SolutionProperties) = preSolution
		HideSolutionNode = FALSE
	EndGlobalSection
	GlobalSection(ExtensibilityGlobals) = postSolution
		SolutionGuid = {42DAC728-EAB2-44FF-9235-4253B024A377}
	EndGlobalSection
EndGlobal
