
Microsoft Visual Studio Solution File, Format Version 12.00
# Visual Studio Version 17
VisualStudioVersion = 17.4.33213.308
MinimumVisualStudioVersion = 10.0.40219.1
Project("{FAE04EC0-301F-11D3-BF4B-00C04F79EFBC}") = "4. CALORIES", "4. CALORIES.csproj", "{9DAB2B32-C5DF-409C-AB37-4732D119B2FB}"
EndProject
Global
	GlobalSection(SolutionConfigurationPlatforms) = preSolution
		Debug|Any CPU = Debug|Any CPU
		Release|Any CPU = Release|Any CPU
	EndGlobalSection
	GlobalSection(ProjectConfigurationPlatforms) = postSolution
		{9DAB2B32-C5DF-409C-AB37-4732D119B2FB}.Debug|Any CPU.ActiveCfg = Debug|Any CPU
		{9DAB2B32-C5DF-409C-AB37-4732D119B2FB}.Debug|Any CPU.Build.0 = Debug|Any CPU
		{9DAB2B32-C5DF-409C-AB37-4732D119B2FB}.Release|Any CPU.ActiveCfg = Release|Any CPU
		{9DAB2B32-C5DF-409C-AB37-4732D119B2FB}.Release|Any CPU.Build.0 = Release|Any CPU
	EndGlobalSection
	GlobalSection(SolutionProperties) = preSolution
		HideSolutionNode = FALSE
	EndGlobalSection
	GlobalSection(ExtensibilityGlobals) = postSolution
		SolutionGuid = {A5B2427A-597F-4E27-ADDB-C4E551A114B9}
	EndGlobalSection
EndGlobal
