
Microsoft Visual Studio Solution File, Format Version 12.00
# Visual Studio Version 17
VisualStudioVersion = 17.4.33213.308
MinimumVisualStudioVersion = 10.0.40219.1
Project("{FAE04EC0-301F-11D3-BF4B-00C04F79EFBC}") = "CLICKABLE NUMBER IMAGES", "CLICKABLE NUMBER IMAGES.csproj", "{58E6FB85-939C-4154-AF3F-3C69B1FFF927}"
EndProject
Global
	GlobalSection(SolutionConfigurationPlatforms) = preSolution
		Debug|Any CPU = Debug|Any CPU
		Release|Any CPU = Release|Any CPU
	EndGlobalSection
	GlobalSection(ProjectConfigurationPlatforms) = postSolution
		{58E6FB85-939C-4154-AF3F-3C69B1FFF927}.Debug|Any CPU.ActiveCfg = Debug|Any CPU
		{58E6FB85-939C-4154-AF3F-3C69B1FFF927}.Debug|Any CPU.Build.0 = Debug|Any CPU
		{58E6FB85-939C-4154-AF3F-3C69B1FFF927}.Release|Any CPU.ActiveCfg = Release|Any CPU
		{58E6FB85-939C-4154-AF3F-3C69B1FFF927}.Release|Any CPU.Build.0 = Release|Any CPU
	EndGlobalSection
	GlobalSection(SolutionProperties) = preSolution
		HideSolutionNode = FALSE
	EndGlobalSection
	GlobalSection(ExtensibilityGlobals) = postSolution
		SolutionGuid = {2A269ADC-82D0-4008-A962-0D94A962EF09}
	EndGlobalSection
EndGlobal
