
Microsoft Visual Studio Solution File, Format Version 12.00
# Visual Studio 15
VisualStudioVersion = 15.0.27703.2042
MinimumVisualStudioVersion = 10.0.40219.1
Project("{FAE04EC0-301F-11D3-BF4B-00C04F79EFBC}") = "SAT Scores", "SAT Scores\SAT Scores.csproj", "{0D881D04-C1AA-49B0-B5AA-BC4A61D67D7D}"
EndProject
Global
	GlobalSection(SolutionConfigurationPlatforms) = preSolution
		Debug|Any CPU = Debug|Any CPU
		Release|Any CPU = Release|Any CPU
	EndGlobalSection
	GlobalSection(ProjectConfigurationPlatforms) = postSolution
		{0D881D04-C1AA-49B0-B5AA-BC4A61D67D7D}.Debug|Any CPU.ActiveCfg = Debug|Any CPU
		{0D881D04-C1AA-49B0-B5AA-BC4A61D67D7D}.Debug|Any CPU.Build.0 = Debug|Any CPU
		{0D881D04-C1AA-49B0-B5AA-BC4A61D67D7D}.Release|Any CPU.ActiveCfg = Release|Any CPU
		{0D881D04-C1AA-49B0-B5AA-BC4A61D67D7D}.Release|Any CPU.Build.0 = Release|Any CPU
	EndGlobalSection
	GlobalSection(SolutionProperties) = preSolution
		HideSolutionNode = FALSE
	EndGlobalSection
	GlobalSection(ExtensibilityGlobals) = postSolution
		SolutionGuid = {E78DBE08-14A2-4C9A-80D3-712D2F70A3EC}
	EndGlobalSection
EndGlobal
