
Microsoft Visual Studio Solution File, Format Version 12.00
# Visual Studio Version 17
VisualStudioVersion = 17.4.33213.308
MinimumVisualStudioVersion = 10.0.40219.1
Project("{FAE04EC0-301F-11D3-BF4B-00C04F79EFBC}") = "5. PENNIES FOR PAY", "5. PENNIES FOR PAY.csproj", "{31F6449A-A1D1-4211-8A8F-58553EB5D2D8}"
EndProject
Global
	GlobalSection(SolutionConfigurationPlatforms) = preSolution
		Debug|Any CPU = Debug|Any CPU
		Release|Any CPU = Release|Any CPU
	EndGlobalSection
	GlobalSection(ProjectConfigurationPlatforms) = postSolution
		{31F6449A-A1D1-4211-8A8F-58553EB5D2D8}.Debug|Any CPU.ActiveCfg = Debug|Any CPU
		{31F6449A-A1D1-4211-8A8F-58553EB5D2D8}.Debug|Any CPU.Build.0 = Debug|Any CPU
		{31F6449A-A1D1-4211-8A8F-58553EB5D2D8}.Release|Any CPU.ActiveCfg = Release|Any CPU
		{31F6449A-A1D1-4211-8A8F-58553EB5D2D8}.Release|Any CPU.Build.0 = Release|Any CPU
	EndGlobalSection
	GlobalSection(SolutionProperties) = preSolution
		HideSolutionNode = FALSE
	EndGlobalSection
	GlobalSection(ExtensibilityGlobals) = postSolution
		SolutionGuid = {155D1A38-1EE3-4B2C-8422-F58BBE00B536}
	EndGlobalSection
EndGlobal
