
Microsoft Visual Studio Solution File, Format Version 12.00
# Visual Studio Version 17
VisualStudioVersion = 17.4.33213.308
MinimumVisualStudioVersion = 10.0.40219.1
Project("{FAE04EC0-301F-11D3-BF4B-00C04F79EFBC}") = "8. TUITION INCREASE", "8. TUITION INCREASE.csproj", "{D7F9D8B7-C343-4EB7-81AB-07836AADC01A}"
EndProject
Global
	GlobalSection(SolutionConfigurationPlatforms) = preSolution
		Debug|Any CPU = Debug|Any CPU
		Release|Any CPU = Release|Any CPU
	EndGlobalSection
	GlobalSection(ProjectConfigurationPlatforms) = postSolution
		{D7F9D8B7-C343-4EB7-81AB-07836AADC01A}.Debug|Any CPU.ActiveCfg = Debug|Any CPU
		{D7F9D8B7-C343-4EB7-81AB-07836AADC01A}.Debug|Any CPU.Build.0 = Debug|Any CPU
		{D7F9D8B7-C343-4EB7-81AB-07836AADC01A}.Release|Any CPU.ActiveCfg = Release|Any CPU
		{D7F9D8B7-C343-4EB7-81AB-07836AADC01A}.Release|Any CPU.Build.0 = Release|Any CPU
	EndGlobalSection
	GlobalSection(SolutionProperties) = preSolution
		HideSolutionNode = FALSE
	EndGlobalSection
	GlobalSection(ExtensibilityGlobals) = postSolution
		SolutionGuid = {14A084F9-606E-4227-BEE7-558F0844B6A0}
	EndGlobalSection
EndGlobal
