
Microsoft Visual Studio Solution File, Format Version 12.00
# Visual Studio Version 17
VisualStudioVersion = 17.4.33213.308
MinimumVisualStudioVersion = 10.0.40219.1
Project("{FAE04EC0-301F-11D3-BF4B-00C04F79EFBC}") = "11. RANDOM NUMBER GUESS GAME", "11. RANDOM NUMBER GUESS GAME.csproj", "{5E7DD0E4-D38C-497B-BCE0-D6A4DF4627FC}"
EndProject
Global
	GlobalSection(SolutionConfigurationPlatforms) = preSolution
		Debug|Any CPU = Debug|Any CPU
		Release|Any CPU = Release|Any CPU
	EndGlobalSection
	GlobalSection(ProjectConfigurationPlatforms) = postSolution
		{5E7DD0E4-D38C-497B-BCE0-D6A4DF4627FC}.Debug|Any CPU.ActiveCfg = Debug|Any CPU
		{5E7DD0E4-D38C-497B-BCE0-D6A4DF4627FC}.Debug|Any CPU.Build.0 = Debug|Any CPU
		{5E7DD0E4-D38C-497B-BCE0-D6A4DF4627FC}.Release|Any CPU.ActiveCfg = Release|Any CPU
		{5E7DD0E4-D38C-497B-BCE0-D6A4DF4627FC}.Release|Any CPU.Build.0 = Release|Any CPU
	EndGlobalSection
	GlobalSection(SolutionProperties) = preSolution
		HideSolutionNode = FALSE
	EndGlobalSection
	GlobalSection(ExtensibilityGlobals) = postSolution
		SolutionGuid = {270210C9-56D7-4EF6-AB8C-41F87060E8BB}
	EndGlobalSection
EndGlobal
