
Microsoft Visual Studio Solution File, Format Version 12.00
# Visual Studio Version 17
VisualStudioVersion = 17.4.33213.308
MinimumVisualStudioVersion = 10.0.40219.1
Project("{FAE04EC0-301F-11D3-BF4B-00C04F79EFBC}") = "6.BODY MASS INDEX", "6.BODY MASS INDEX\6.BODY MASS INDEX.csproj", "{AD0515E4-F6F0-4EB4-9696-C54A6B150478}"
EndProject
Global
	GlobalSection(SolutionConfigurationPlatforms) = preSolution
		Debug|Any CPU = Debug|Any CPU
		Release|Any CPU = Release|Any CPU
	EndGlobalSection
	GlobalSection(ProjectConfigurationPlatforms) = postSolution
		{AD0515E4-F6F0-4EB4-9696-C54A6B150478}.Debug|Any CPU.ActiveCfg = Debug|Any CPU
		{AD0515E4-F6F0-4EB4-9696-C54A6B150478}.Debug|Any CPU.Build.0 = Debug|Any CPU
		{AD0515E4-F6F0-4EB4-9696-C54A6B150478}.Release|Any CPU.ActiveCfg = Release|Any CPU
		{AD0515E4-F6F0-4EB4-9696-C54A6B150478}.Release|Any CPU.Build.0 = Release|Any CPU
	EndGlobalSection
	GlobalSection(SolutionProperties) = preSolution
		HideSolutionNode = FALSE
	EndGlobalSection
	GlobalSection(ExtensibilityGlobals) = postSolution
		SolutionGuid = {9D52331C-9129-4831-931A-011FA275BFC7}
	EndGlobalSection
EndGlobal
