
Microsoft Visual Studio Solution File, Format Version 12.00
# Visual Studio Version 17
VisualStudioVersion = 17.4.33213.308
MinimumVisualStudioVersion = 10.0.40219.1
Project("{FAE04EC0-301F-11D3-BF4B-00C04F79EFBC}") = "JOKE AND PUNCH LINE", "JOKE AND PUNCH LINE.csproj", "{1822A3BB-D687-4EE2-BB5E-E672726E8522}"
EndProject
Global
	GlobalSection(SolutionConfigurationPlatforms) = preSolution
		Debug|Any CPU = Debug|Any CPU
		Release|Any CPU = Release|Any CPU
	EndGlobalSection
	GlobalSection(ProjectConfigurationPlatforms) = postSolution
		{1822A3BB-D687-4EE2-BB5E-E672726E8522}.Debug|Any CPU.ActiveCfg = Debug|Any CPU
		{1822A3BB-D687-4EE2-BB5E-E672726E8522}.Debug|Any CPU.Build.0 = Debug|Any CPU
		{1822A3BB-D687-4EE2-BB5E-E672726E8522}.Release|Any CPU.ActiveCfg = Release|Any CPU
		{1822A3BB-D687-4EE2-BB5E-E672726E8522}.Release|Any CPU.Build.0 = Release|Any CPU
	EndGlobalSection
	GlobalSection(SolutionProperties) = preSolution
		HideSolutionNode = FALSE
	EndGlobalSection
	GlobalSection(ExtensibilityGlobals) = postSolution
		SolutionGuid = {FB6DD18C-B436-4CC4-BB4A-0F746B7D80D9}
	EndGlobalSection
EndGlobal
