
Microsoft Visual Studio Solution File, Format Version 12.00
# Visual Studio Version 17
VisualStudioVersion = 17.4.33213.308
MinimumVisualStudioVersion = 10.0.40219.1
Project("{FAE04EC0-301F-11D3-BF4B-00C04F79EFBC}") = "4. Color MIXER", "4. Color MIXER.csproj", "{27C0587A-96FD-4306-B559-A9B1DB3104E2}"
EndProject
Global
	GlobalSection(SolutionConfigurationPlatforms) = preSolution
		Debug|Any CPU = Debug|Any CPU
		Release|Any CPU = Release|Any CPU
	EndGlobalSection
	GlobalSection(ProjectConfigurationPlatforms) = postSolution
		{27C0587A-96FD-4306-B559-A9B1DB3104E2}.Debug|Any CPU.ActiveCfg = Debug|Any CPU
		{27C0587A-96FD-4306-B559-A9B1DB3104E2}.Debug|Any CPU.Build.0 = Debug|Any CPU
		{27C0587A-96FD-4306-B559-A9B1DB3104E2}.Release|Any CPU.ActiveCfg = Release|Any CPU
		{27C0587A-96FD-4306-B559-A9B1DB3104E2}.Release|Any CPU.Build.0 = Release|Any CPU
	EndGlobalSection
	GlobalSection(SolutionProperties) = preSolution
		HideSolutionNode = FALSE
	EndGlobalSection
	GlobalSection(ExtensibilityGlobals) = postSolution
		SolutionGuid = {C86FF4E7-6566-43C5-87A2-96CD6A84F920}
	EndGlobalSection
EndGlobal
