
Microsoft Visual Studio Solution File, Format Version 12.00
# Visual Studio Version 17
VisualStudioVersion = 17.4.33213.308
MinimumVisualStudioVersion = 10.0.40219.1
Project("{FAE04EC0-301F-11D3-BF4B-00C04F79EFBC}") = "11.AUTOMOBILE COSTS", "11.AUTOMOBILE COSTS.csproj", "{0531E433-1A69-4F7F-A1F9-A0D18A7F9B85}"
EndProject
Global
	GlobalSection(SolutionConfigurationPlatforms) = preSolution
		Debug|Any CPU = Debug|Any CPU
		Release|Any CPU = Release|Any CPU
	EndGlobalSection
	GlobalSection(ProjectConfigurationPlatforms) = postSolution
		{0531E433-1A69-4F7F-A1F9-A0D18A7F9B85}.Debug|Any CPU.ActiveCfg = Debug|Any CPU
		{0531E433-1A69-4F7F-A1F9-A0D18A7F9B85}.Debug|Any CPU.Build.0 = Debug|Any CPU
		{0531E433-1A69-4F7F-A1F9-A0D18A7F9B85}.Release|Any CPU.ActiveCfg = Release|Any CPU
		{0531E433-1A69-4F7F-A1F9-A0D18A7F9B85}.Release|Any CPU.Build.0 = Release|Any CPU
	EndGlobalSection
	GlobalSection(SolutionProperties) = preSolution
		HideSolutionNode = FALSE
	EndGlobalSection
	GlobalSection(ExtensibilityGlobals) = postSolution
		SolutionGuid = {B2437813-A8CA-4D48-82DD-05C0D8EAAD3B}
	EndGlobalSection
EndGlobal
